
Microsoft Visual Studio Solution File, Format Version 12.00
# Visual Studio Version 16
VisualStudioVersion = 16.0.31624.102
MinimumVisualStudioVersion = 10.0.40219.1
Project("{9A19103F-16F7-4668-BE54-9A1E7A4F7556}") = "generator2", "generator2.csproj", "{94316819-50CB-4434-8BAC-F30A6D3DB8B6}"
EndProject
Global
	GlobalSection(SolutionConfigurationPlatforms) = preSolution
		Debug|Any CPU = Debug|Any CPU
		Release|Any CPU = Release|Any CPU
	EndGlobalSection
	GlobalSection(ProjectConfigurationPlatforms) = postSolution
		{94316819-50CB-4434-8BAC-F30A6D3DB8B6}.Debug|Any CPU.ActiveCfg = Debug|Any CPU
		{94316819-50CB-4434-8BAC-F30A6D3DB8B6}.Debug|Any CPU.Build.0 = Debug|Any CPU
		{94316819-50CB-4434-8BAC-F30A6D3DB8B6}.Release|Any CPU.ActiveCfg = Release|Any CPU
		{94316819-50CB-4434-8BAC-F30A6D3DB8B6}.Release|Any CPU.Build.0 = Release|Any CPU
	EndGlobalSection
	GlobalSection(SolutionProperties) = preSolution
		HideSolutionNode = FALSE
	EndGlobalSection
	GlobalSection(ExtensibilityGlobals) = postSolution
		SolutionGuid = {4A552E26-80FA-482E-BB37-5ECACBB28032}
	EndGlobalSection
EndGlobal
